
Microsoft Visual Studio Solution File, Format Version 12.00
# Visual Studio Version 16
VisualStudioVersion = 16.0.30611.23
MinimumVisualStudioVersion = 10.0.40219.1
Project("{FAE04EC0-301F-11D3-BF4B-00C04F79EFBC}") = "BlueprintIndexingServer", "BlueprintIndexingServer.csproj", "{E994B865-D18B-4A83-8C5A-F601CD71CD58}"
EndProject
Global
	GlobalSection(SolutionConfigurationPlatforms) = preSolution
		Debug|Any CPU = Debug|Any CPU
		Release|Any CPU = Release|Any CPU
	EndGlobalSection
	GlobalSection(ProjectConfigurationPlatforms) = postSolution
		{E994B865-D18B-4A83-8C5A-F601CD71CD58}.Debug|Any CPU.ActiveCfg = Debug|Any CPU
		{E994B865-D18B-4A83-8C5A-F601CD71CD58}.Debug|Any CPU.Build.0 = Debug|Any CPU
		{E994B865-D18B-4A83-8C5A-F601CD71CD58}.Release|Any CPU.ActiveCfg = Release|Any CPU
		{E994B865-D18B-4A83-8C5A-F601CD71CD58}.Release|Any CPU.Build.0 = Release|Any CPU
	EndGlobalSection
	GlobalSection(SolutionProperties) = preSolution
		HideSolutionNode = FALSE
	EndGlobalSection
	GlobalSection(ExtensibilityGlobals) = postSolution
		SolutionGuid = {D31F9959-0505-4F44-905E-04FB3BE89875}
	EndGlobalSection
EndGlobal
